
Microsoft Visual Studio Solution File, Format Version 12.00
# Visual Studio 15
VisualStudioVersion = 15.0.27428.2005
MinimumVisualStudioVersion = 10.0.40219.1
Project("{FAE04EC0-301F-11D3-BF4B-00C04F79EFBC}") = "agriviTestApp", "agriviTestApp\agriviTestApp.csproj", "{CA816863-0A04-4EAA-9C82-89E7D7430796}"
EndProject
Global
	GlobalSection(SolutionConfigurationPlatforms) = preSolution
		Debug|Any CPU = Debug|Any CPU
		Release|Any CPU = Release|Any CPU
	EndGlobalSection
	GlobalSection(ProjectConfigurationPlatforms) = postSolution
		{CA816863-0A04-4EAA-9C82-89E7D7430796}.Debug|Any CPU.ActiveCfg = Debug|Any CPU
		{CA816863-0A04-4EAA-9C82-89E7D7430796}.Debug|Any CPU.Build.0 = Debug|Any CPU
		{CA816863-0A04-4EAA-9C82-89E7D7430796}.Release|Any CPU.ActiveCfg = Release|Any CPU
		{CA816863-0A04-4EAA-9C82-89E7D7430796}.Release|Any CPU.Build.0 = Release|Any CPU
	EndGlobalSection
	GlobalSection(SolutionProperties) = preSolution
		HideSolutionNode = FALSE
	EndGlobalSection
	GlobalSection(ExtensibilityGlobals) = postSolution
		SolutionGuid = {04E8D921-506F-40EC-BDF0-7606B78C9CE3}
	EndGlobalSection
EndGlobal
